
Microsoft Visual Studio Solution File, Format Version 12.00
# Visual Studio Version 17
VisualStudioVersion = 17.11.35327.3
MinimumVisualStudioVersion = 10.0.40219.1
Project("{FAE04EC0-301F-11D3-BF4B-00C04F79EFBC}") = "zadTomasz", "csPraktyki1\zadTomasz.csproj", "{DF7BBD1A-E114-44D8-88C4-499FB0C2C779}"
EndProject
Project("{FAE04EC0-301F-11D3-BF4B-00C04F79EFBC}") = "zadKrzysztof", "zadKrzysztof\zadKrzysztof.csproj", "{E7982853-C1B3-4987-A479-D2A370375BF5}"
EndProject
Project("{FAE04EC0-301F-11D3-BF4B-00C04F79EFBC}") = "zadAntoni", "zadAntoni\zadAntoni.csproj", "{0362BA54-6BBC-4286-9DA5-5F9236F20273}"
EndProject
Project("{FAE04EC0-301F-11D3-BF4B-00C04F79EFBC}") = "zadFilip", "zadFilip\zadFilip.csproj", "{34FF32C1-B4B3-41D7-A68F-64D2C1CE15E5}"
EndProject
Project("{FAE04EC0-301F-11D3-BF4B-00C04F79EFBC}") = "zadPiotr", "zadPiotr\zadPiotr.csproj", "{379D665D-EFFB-43AD-8E7F-3BB0558430CE}"
EndProject
Global
	GlobalSection(SolutionConfigurationPlatforms) = preSolution
		Debug|Any CPU = Debug|Any CPU
		Release|Any CPU = Release|Any CPU
	EndGlobalSection
	GlobalSection(ProjectConfigurationPlatforms) = postSolution
		{DF7BBD1A-E114-44D8-88C4-499FB0C2C779}.Debug|Any CPU.ActiveCfg = Debug|Any CPU
		{DF7BBD1A-E114-44D8-88C4-499FB0C2C779}.Debug|Any CPU.Build.0 = Debug|Any CPU
		{DF7BBD1A-E114-44D8-88C4-499FB0C2C779}.Release|Any CPU.ActiveCfg = Release|Any CPU
		{DF7BBD1A-E114-44D8-88C4-499FB0C2C779}.Release|Any CPU.Build.0 = Release|Any CPU
		{E7982853-C1B3-4987-A479-D2A370375BF5}.Debug|Any CPU.ActiveCfg = Debug|Any CPU
		{E7982853-C1B3-4987-A479-D2A370375BF5}.Debug|Any CPU.Build.0 = Debug|Any CPU
		{E7982853-C1B3-4987-A479-D2A370375BF5}.Release|Any CPU.ActiveCfg = Release|Any CPU
		{E7982853-C1B3-4987-A479-D2A370375BF5}.Release|Any CPU.Build.0 = Release|Any CPU
		{0362BA54-6BBC-4286-9DA5-5F9236F20273}.Debug|Any CPU.ActiveCfg = Debug|Any CPU
		{0362BA54-6BBC-4286-9DA5-5F9236F20273}.Debug|Any CPU.Build.0 = Debug|Any CPU
		{0362BA54-6BBC-4286-9DA5-5F9236F20273}.Release|Any CPU.ActiveCfg = Release|Any CPU
		{0362BA54-6BBC-4286-9DA5-5F9236F20273}.Release|Any CPU.Build.0 = Release|Any CPU
		{34FF32C1-B4B3-41D7-A68F-64D2C1CE15E5}.Debug|Any CPU.ActiveCfg = Debug|Any CPU
		{34FF32C1-B4B3-41D7-A68F-64D2C1CE15E5}.Debug|Any CPU.Build.0 = Debug|Any CPU
		{34FF32C1-B4B3-41D7-A68F-64D2C1CE15E5}.Release|Any CPU.ActiveCfg = Release|Any CPU
		{34FF32C1-B4B3-41D7-A68F-64D2C1CE15E5}.Release|Any CPU.Build.0 = Release|Any CPU
		{379D665D-EFFB-43AD-8E7F-3BB0558430CE}.Debug|Any CPU.ActiveCfg = Debug|Any CPU
		{379D665D-EFFB-43AD-8E7F-3BB0558430CE}.Debug|Any CPU.Build.0 = Debug|Any CPU
		{379D665D-EFFB-43AD-8E7F-3BB0558430CE}.Release|Any CPU.ActiveCfg = Release|Any CPU
		{379D665D-EFFB-43AD-8E7F-3BB0558430CE}.Release|Any CPU.Build.0 = Release|Any CPU
	EndGlobalSection
	GlobalSection(SolutionProperties) = preSolution
		HideSolutionNode = FALSE
	EndGlobalSection
	GlobalSection(ExtensibilityGlobals) = postSolution
		SolutionGuid = {183B8500-EAE0-4F22-94D5-88C2CB024780}
	EndGlobalSection
EndGlobal
